// !$*UTF8*$!
{
	archiveVersion = 1;
	classes = {
	};
	objectVersion = 55;
	objects = {

/* Begin PBXBuildFile section */
		7F583026299F7F2900615961 /* Timer.swift in Sources */ = {isa = PBXBuildFile; fileRef = 7F583025299F7F2800615961 /* Timer.swift */; };
		7F620B12298C9C3600F3A83C /* HappyReadingApp.swift in Sources */ = {isa = PBXBuildFile; fileRef = 7F620B11298C9C3600F3A83C /* HappyReadingApp.swift */; };
		7F620B14298C9C3600F3A83C /* ContentView.swift in Sources */ = {isa = PBXBuildFile; fileRef = 7F620B13298C9C3600F3A83C /* ContentView.swift */; };
		7F620B16298C9C3C00F3A83C /* Assets.xcassets in Resources */ = {isa = PBXBuildFile; fileRef = 7F620B15298C9C3C00F3A83C /* Assets.xcassets */; };
		7F620B19298C9C3C00F3A83C /* Preview Assets.xcassets in Resources */ = {isa = PBXBuildFile; fileRef = 7F620B18298C9C3C00F3A83C /* Preview Assets.xcassets */; };
		7F620B20298CA33000F3A83C /* Model.swift in Sources */ = {isa = PBXBuildFile; fileRef = 7F620B1F298CA33000F3A83C /* Model.swift */; };
		7F620B22298CB24600F3A83C /* NewNoteView.swift in Sources */ = {isa = PBXBuildFile; fileRef = 7F620B21298CB24600F3A83C /* NewNoteView.swift */; };
		7F620B24298CE6F400F3A83C /* ToastView.swift in Sources */ = {isa = PBXBuildFile; fileRef = 7F620B23298CE6F400F3A83C /* ToastView.swift */; };
		7F620B2A298CFB7200F3A83C /* ViewModel.swift in Sources */ = {isa = PBXBuildFile; fileRef = 7F620B29298CFB7200F3A83C /* ViewModel.swift */; };
/* End PBXBuildFile section */

/* Begin PBXFileReference section */
		7F583025299F7F2800615961 /* Timer.swift */ = {isa = PBXFileReference; lastKnownFileType = sourcecode.swift; path = Timer.swift; sourceTree = "<group>"; };
		7F620B0E298C9C3600F3A83C /* HappyReading.app */ = {isa = PBXFileReference; explicitFileType = wrapper.application; includeInIndex = 0; path = HappyReading.app; sourceTree = BUILT_PRODUCTS_DIR; };
		7F620B11298C9C3600F3A83C /* HappyReadingApp.swift */ = {isa = PBXFileReference; lastKnownFileType = sourcecode.swift; path = HappyReadingApp.swift; sourceTree = "<group>"; };
		7F620B13298C9C3600F3A83C /* ContentView.swift */ = {isa = PBXFileReference; lastKnownFileType = sourcecode.swift; path = ContentView.swift; sourceTree = "<group>"; };
		7F620B15298C9C3C00F3A83C /* Assets.xcassets */ = {isa = PBXFileReference; lastKnownFileType = folder.assetcatalog; path = Assets.xcassets; sourceTree = "<group>"; };
		7F620B18298C9C3C00F3A83C /* Preview Assets.xcassets */ = {isa = PBXFileReference; lastKnownFileType = folder.assetcatalog; path = "Preview Assets.xcassets"; sourceTree = "<group>"; };
		7F620B1F298CA33000F3A83C /* Model.swift */ = {isa = PBXFileReference; lastKnownFileType = sourcecode.swift; path = Model.swift; sourceTree = "<group>"; };
		7F620B21298CB24600F3A83C /* NewNoteView.swift */ = {isa = PBXFileReference; lastKnownFileType = sourcecode.swift; path = NewNoteView.swift; sourceTree = "<group>"; };
		7F620B23298CE6F400F3A83C /* ToastView.swift */ = {isa = PBXFileReference; lastKnownFileType = sourcecode.swift; path = ToastView.swift; sourceTree = "<group>"; };
		7F620B29298CFB7200F3A83C /* ViewModel.swift */ = {isa = PBXFileReference; lastKnownFileType = sourcecode.swift; path = ViewModel.swift; sourceTree = "<group>"; };
/* End PBXFileReference section */

/* Begin PBXFrameworksBuildPhase section */
		7F620B0B298C9C3600F3A83C /* Frameworks */ = {
			isa = PBXFrameworksBuildPhase;
			buildActionMask = 2147483647;
			files = (
			);
			runOnlyForDeploymentPostprocessing = 0;
		};
/* End PBXFrameworksBuildPhase section */

/* Begin PBXGroup section */
		7F620B05298C9C3500F3A83C = {
			isa = PBXGroup;
			children = (
				7F620B10298C9C3600F3A83C /* HappyReading */,
				7F620B0F298C9C3600F3A83C /* Products */,
			);
			sourceTree = "<group>";
		};
		7F620B0F298C9C3600F3A83C /* Products */ = {
			isa = PBXGroup;
			children = (
				7F620B0E298C9C3600F3A83C /* HappyReading.app */,
			);
			name = Products;
			sourceTree = "<group>";
		};
		7F620B10298C9C3600F3A83C /* HappyReading */ = {
			isa = PBXGroup;
			children = (
				7F620B11298C9C3600F3A83C /* HappyReadingApp.swift */,
				7F620B13298C9C3600F3A83C /* ContentView.swift */,
				7F620B23298CE6F400F3A83C /* ToastView.swift */,
				7F620B1F298CA33000F3A83C /* Model.swift */,
				7F583025299F7F2800615961 /* Timer.swift */,
				7F620B21298CB24600F3A83C /* NewNoteView.swift */,
				7F620B29298CFB7200F3A83C /* ViewModel.swift */,
				7F620B15298C9C3C00F3A83C /* Assets.xcassets */,
				7F620B17298C9C3C00F3A83C /* Preview Content */,
			);
			path = HappyReading;
			sourceTree = "<group>";
		};
		7F620B17298C9C3C00F3A83C /* Preview Content */ = {
			isa = PBXGroup;
			children = (
				7F620B18298C9C3C00F3A83C /* Preview Assets.xcassets */,
			);
			path = "Preview Content";
			sourceTree = "<group>";
		};
/* End PBXGroup section */

/* Begin PBXNativeTarget section */
		7F620B0D298C9C3600F3A83C /* HappyReading */ = {
			isa = PBXNativeTarget;
			buildConfigurationList = 7F620B1C298C9C3C00F3A83C /* Build configuration list for PBXNativeTarget "HappyReading" */;
			buildPhases = (
				7F620B0A298C9C3600F3A83C /* Sources */,
				7F620B0B298C9C3600F3A83C /* Frameworks */,
				7F620B0C298C9C3600F3A83C /* Resources */,
			);
			buildRules = (
			);
			dependencies = (
			);
			name = HappyReading;
			productName = HappyReading;
			productReference = 7F620B0E298C9C3600F3A83C /* HappyReading.app */;
			productType = "com.apple.product-type.application";
		};
/* End PBXNativeTarget section */

/* Begin PBXProject section */
		7F620B06298C9C3600F3A83C /* Project object */ = {
			isa = PBXProject;
			attributes = {
				BuildIndependentTargetsInParallel = 1;
				LastSwiftUpdateCheck = 1300;
				LastUpgradeCheck = 1300;
				TargetAttributes = {
					7F620B0D298C9C3600F3A83C = {
						CreatedOnToolsVersion = 13.0;
					};
				};
			};
			buildConfigurationList = 7F620B09298C9C3600F3A83C /* Build configuration list for PBXProject "HappyReading" */;
			compatibilityVersion = "Xcode 13.0";
			developmentRegion = en;
			hasScannedForEncodings = 0;
			knownRegions = (
				en,
				Base,
			);
			mainGroup = 7F620B05298C9C3500F3A83C;
			productRefGroup = 7F620B0F298C9C3600F3A83C /* Products */;
			projectDirPath = "";
			projectRoot = "";
			targets = (
				7F620B0D298C9C3600F3A83C /* HappyReading */,
			);
		};
/* End PBXProject section */

/* Begin PBXResourcesBuildPhase section */
		7F620B0C298C9C3600F3A83C /* Resources */ = {
			isa = PBXResourcesBuildPhase;
			buildActionMask = 2147483647;
			files = (
				7F620B19298C9C3C00F3A83C /* Preview Assets.xcassets in Resources */,
				7F620B16298C9C3C00F3A83C /* Assets.xcassets in Resources */,
			);
			runOnlyForDeploymentPostprocessing = 0;
		};
/* End PBXResourcesBuildPhase section */

/* Begin PBXSourcesBuildPhase section */
		7F620B0A298C9C3600F3A83C /* Sources */ = {
			isa = PBXSourcesBuildPhase;
			buildActionMask = 2147483647;
			files = (
				7F620B20298CA33000F3A83C /* Model.swift in Sources */,
				7F620B14298C9C3600F3A83C /* ContentView.swift in Sources */,
				7F583026299F7F2900615961 /* Timer.swift in Sources */,
				7F620B12298C9C3600F3A83C /* HappyReadingApp.swift in Sources */,
				7F620B22298CB24600F3A83C /* NewNoteView.swift in Sources */,
				7F620B2A298CFB7200F3A83C /* ViewModel.swift in Sources */,
				7F620B24298CE6F400F3A83C /* ToastView.swift in Sources */,
			);
			runOnlyForDeploymentPostprocessing = 0;
		};
/* End PBXSourcesBuildPhase section */

/* Begin XCBuildConfiguration section */
		7F620B1A298C9C3C00F3A83C /* Debug */ = {
			isa = XCBuildConfiguration;
			buildSettings = {
				ALWAYS_SEARCH_USER_PATHS = NO;
				CLANG_ANALYZER_NONNULL = YES;
				CLANG_ANALYZER_NUMBER_OBJECT_CONVERSION = YES_AGGRESSIVE;
				CLANG_CXX_LANGUAGE_STANDARD = "gnu++17";
				CLANG_CXX_LIBRARY = "libc++";
				CLANG_ENABLE_MODULES = YES;
				CLANG_ENABLE_OBJC_ARC = YES;
				CLANG_ENABLE_OBJC_WEAK = YES;
				CLANG_WARN_BLOCK_CAPTURE_AUTORELEASING = YES;
				CLANG_WARN_BOOL_CONVERSION = YES;
				CLANG_WARN_COMMA = YES;
				CLANG_WARN_CONSTANT_CONVERSION = YES;
				CLANG_WARN_DEPRECATED_OBJC_IMPLEMENTATIONS = YES;
				CLANG_WARN_DIRECT_OBJC_ISA_USAGE = YES_ERROR;
				CLANG_WARN_DOCUMENTATION_COMMENTS = YES;
				CLANG_WARN_EMPTY_BODY = YES;
				CLANG_WARN_ENUM_CONVERSION = YES;
				CLANG_WARN_INFINITE_RECURSION = YES;
				CLANG_WARN_INT_CONVERSION = YES;
				CLANG_WARN_NON_LITERAL_NULL_CONVERSION = YES;
				CLANG_WARN_OBJC_IMPLICIT_RETAIN_SELF = YES;
				CLANG_WARN_OBJC_LITERAL_CONVERSION = YES;
				CLANG_WARN_OBJC_ROOT_CLASS = YES_ERROR;
				CLANG_WARN_QUOTED_INCLUDE_IN_FRAMEWORK_HEADER = YES;
				CLANG_WARN_RANGE_LOOP_ANALYSIS = YES;
				CLANG_WARN_STRICT_PROTOTYPES = YES;
				CLANG_WARN_SUSPICIOUS_MOVE = YES;
				CLANG_WARN_UNGUARDED_AVAILABILITY = YES_AGGRESSIVE;
				CLANG_WARN_UNREACHABLE_CODE = YES;
				CLANG_WARN__DUPLICATE_METHOD_MATCH = YES;
				COPY_PHASE_STRIP = NO;
				DEBUG_INFORMATION_FORMAT = dwarf;
				ENABLE_STRICT_OBJC_MSGSEND = YES;
				ENABLE_TESTABILITY = YES;
				GCC_C_LANGUAGE_STANDARD = gnu11;
				GCC_DYNAMIC_NO_PIC = NO;
				GCC_NO_COMMON_BLOCKS = YES;
				GCC_OPTIMIZATION_LEVEL = 0;
				GCC_PREPROCESSOR_DEFINITIONS = (
					"DEBUG=1",
					"$(inherited)",
				);
				GCC_WARN_64_TO_32_BIT_CONVERSION = YES;
				GCC_WARN_ABOUT_RETURN_TYPE = YES_ERROR;
				GCC_WARN_UNDECLARED_SELECTOR = YES;
				GCC_WARN_UNINITIALIZED_AUTOS = YES_AGGRESSIVE;
				GCC_WARN_UNUSED_FUNCTION = YES;
				GCC_WARN_UNUSED_VARIABLE = YES;
				IPHONEOS_DEPLOYMENT_TARGET = 15.0;
				MTL_ENABLE_DEBUG_INFO = INCLUDE_SOURCE;
				MTL_FAST_MATH = YES;
				ONLY_ACTIVE_ARCH = YES;
				SDKROOT = iphoneos;
				SWIFT_ACTIVE_COMPILATION_CONDITIONS = DEBUG;
				SWIFT_OPTIMIZATION_LEVEL = "-Onone";
			};
			name = Debug;
		};
		7F620B1B298C9C3C00F3A83C /* Release */ = {
			isa = XCBuildConfiguration;
			buildSettings = {
				ALWAYS_SEARCH_USER_PATHS = NO;
				CLANG_ANALYZER_NONNULL = YES;
				CLANG_ANALYZER_NUMBER_OBJECT_CONVERSION = YES_AGGRESSIVE;
				CLANG_CXX_LANGUAGE_STANDARD = "gnu++17";
				CLANG_CXX_LIBRARY = "libc++";
				CLANG_ENABLE_MODULES = YES;
				CLANG_ENABLE_OBJC_ARC = YES;
				CLANG_ENABLE_OBJC_WEAK = YES;
				CLANG_WARN_BLOCK_CAPTURE_AUTORELEASING = YES;
				CLANG_WARN_BOOL_CONVERSION = YES;
				CLANG_WARN_COMMA = YES;
				CLANG_WARN_CONSTANT_CONVERSION = YES;
				CLANG_WARN_DEPRECATED_OBJC_IMPLEMENTATIONS = YES;
				CLANG_WARN_DIRECT_OBJC_ISA_USAGE = YES_ERROR;
				CLANG_WARN_DOCUMENTATION_COMMENTS = YES;
				CLANG_WARN_EMPTY_BODY = YES;
				CLANG_WARN_ENUM_CONVERSION = YES;
				CLANG_WARN_INFINITE_RECURSION = YES;
				CLANG_WARN_INT_CONVERSION = YES;
				CLANG_WARN_NON_LITERAL_NULL_CONVERSION = YES;
				CLANG_WARN_OBJC_IMPLICIT_RETAIN_SELF = YES;
				CLANG_WARN_OBJC_LITERAL_CONVERSION = YES;
				CLANG_WARN_OBJC_ROOT_CLASS = YES_ERROR;
				CLANG_WARN_QUOTED_INCLUDE_IN_FRAMEWORK_HEADER = YES;
				CLANG_WARN_RANGE_LOOP_ANALYSIS = YES;
				CLANG_WARN_STRICT_PROTOTYPES = YES;
				CLANG_WARN_SUSPICIOUS_MOVE = YES;
				CLANG_WARN_UNGUARDED_AVAILABILITY = YES_AGGRESSIVE;
				CLANG_WARN_UNREACHABLE_CODE = YES;
				CLANG_WARN__DUPLICATE_METHOD_MATCH = YES;
				COPY_PHASE_STRIP = NO;
				DEBUG_INFORMATION_FORMAT = "dwarf-with-dsym";
				ENABLE_NS_ASSERTIONS = NO;
				ENABLE_STRICT_OBJC_MSGSEND = YES;
				GCC_C_LANGUAGE_STANDARD = gnu11;
				GCC_NO_COMMON_BLOCKS = YES;
				GCC_WARN_64_TO_32_BIT_CONVERSION = YES;
				GCC_WARN_ABOUT_RETURN_TYPE = YES_ERROR;
				GCC_WARN_UNDECLARED_SELECTOR = YES;
				GCC_WARN_UNINITIALIZED_AUTOS = YES_AGGRESSIVE;
				GCC_WARN_UNUSED_FUNCTION = YES;
				GCC_WARN_UNUSED_VARIABLE = YES;
				IPHONEOS_DEPLOYMENT_TARGET = 15.0;
				MTL_ENABLE_DEBUG_INFO = NO;
				MTL_FAST_MATH = YES;
				SDKROOT = iphoneos;
				SWIFT_COMPILATION_MODE = wholemodule;
				SWIFT_OPTIMIZATION_LEVEL = "-O";
				VALIDATE_PRODUCT = YES;
			};
			name = Release;
		};
		7F620B1D298C9C3C00F3A83C /* Debug */ = {
			isa = XCBuildConfiguration;
			buildSettings = {
				ASSETCATALOG_COMPILER_APPICON_NAME = AppIcon;
				ASSETCATALOG_COMPILER_GLOBAL_ACCENT_COLOR_NAME = AccentColor;
				CODE_SIGN_STYLE = Automatic;
				CURRENT_PROJECT_VERSION = 1;
				DEVELOPMENT_ASSET_PATHS = "\"HappyReading/Preview Content\"";
				DEVELOPMENT_TEAM = 4KK5F9ZLZ6;
				ENABLE_PREVIEWS = YES;
				GENERATE_INFOPLIST_FILE = YES;
				INFOPLIST_KEY_UIApplicationSceneManifest_Generation = YES;
				INFOPLIST_KEY_UIApplicationSupportsIndirectInputEvents = YES;
				INFOPLIST_KEY_UILaunchScreen_Generation = YES;
				INFOPLIST_KEY_UISupportedInterfaceOrientations_iPad = "UIInterfaceOrientationPortrait UIInterfaceOrientationPortraitUpsideDown UIInterfaceOrientationLandscapeLeft UIInterfaceOrientationLandscapeRight";
				INFOPLIST_KEY_UISupportedInterfaceOrientations_iPhone = "UIInterfaceOrientationPortrait UIInterfaceOrientationLandscapeLeft UIInterfaceOrientationLandscapeRight";
				IPHONEOS_DEPLOYMENT_TARGET = 15.0;
				LD_RUNPATH_SEARCH_PATHS = (
					"$(inherited)",
					"@executable_path/Frameworks",
				);
				MARKETING_VERSION = 1.0;
				PRODUCT_BUNDLE_IDENTIFIER = jp.ac.jec.cm.HappyReading;
				PRODUCT_NAME = "$(TARGET_NAME)";
				SWIFT_EMIT_LOC_STRINGS = YES;
				SWIFT_VERSION = 5.0;
				TARGETED_DEVICE_FAMILY = "1,2";
			};
			name = Debug;
		};
		7F620B1E298C9C3C00F3A83C /* Release */ = {
			isa = XCBuildConfiguration;
			buildSettings = {
				ASSETCATALOG_COMPILER_APPICON_NAME = AppIcon;
				ASSETCATALOG_COMPILER_GLOBAL_ACCENT_COLOR_NAME = AccentColor;
				CODE_SIGN_STYLE = Automatic;
				CURRENT_PROJECT_VERSION = 1;
				DEVELOPMENT_ASSET_PATHS = "\"HappyReading/Preview Content\"";
				DEVELOPMENT_TEAM = 4KK5F9ZLZ6;
				ENABLE_PREVIEWS = YES;
				GENERATE_INFOPLIST_FILE = YES;
				INFOPLIST_KEY_UIApplicationSceneManifest_Generation = YES;
				INFOPLIST_KEY_UIApplicationSupportsIndirectInputEvents = YES;
				INFOPLIST_KEY_UILaunchScreen_Generation = YES;
				INFOPLIST_KEY_UISupportedInterfaceOrientations_iPad = "UIInterfaceOrientationPortrait UIInterfaceOrientationPortraitUpsideDown UIInterfaceOrientationLandscapeLeft UIInterfaceOrientationLandscapeRight";
				INFOPLIST_KEY_UISupportedInterfaceOrientations_iPhone = "UIInterfaceOrientationPortrait UIInterfaceOrientationLandscapeLeft UIInterfaceOrientationLandscapeRight";
				IPHONEOS_DEPLOYMENT_TARGET = 15.0;
				LD_RUNPATH_SEARCH_PATHS = (
					"$(inherited)",
					"@executable_path/Frameworks",
				);
				MARKETING_VERSION = 1.0;
				PRODUCT_BUNDLE_IDENTIFIER = jp.ac.jec.cm.HappyReading;
				PRODUCT_NAME = "$(TARGET_NAME)";
				SWIFT_EMIT_LOC_STRINGS = YES;
				SWIFT_VERSION = 5.0;
				TARGETED_DEVICE_FAMILY = "1,2";
			};
			name = Release;
		};
/* End XCBuildConfiguration section */

/* Begin XCConfigurationList section */
		7F620B09298C9C3600F3A83C /* Build configuration list for PBXProject "HappyReading" */ = {
			isa = XCConfigurationList;
			buildConfigurations = (
				7F620B1A298C9C3C00F3A83C /* Debug */,
				7F620B1B298C9C3C00F3A83C /* Release */,
			);
			defaultConfigurationIsVisible = 0;
			defaultConfigurationName = Release;
		};
		7F620B1C298C9C3C00F3A83C /* Build configuration list for PBXNativeTarget "HappyReading" */ = {
			isa = XCConfigurationList;
			buildConfigurations = (
				7F620B1D298C9C3C00F3A83C /* Debug */,
				7F620B1E298C9C3C00F3A83C /* Release */,
			);
			defaultConfigurationIsVisible = 0;
			defaultConfigurationName = Release;
		};
/* End XCConfigurationList section */
	};
	rootObject = 7F620B06298C9C3600F3A83C /* Project object */;
}
